
Microsoft Visual Studio Solution File, Format Version 12.00
# Visual Studio Version 17
VisualStudioVersion = 17.3.32929.385
MinimumVisualStudioVersion = 10.0.40219.1
Project("{54435603-DBB4-11D2-8724-00A0C9A8B90C}") = "Setuptest5", "Setuptest5.vdproj", "{F98D2B21-E6D0-4862-A393-805BC0334574}"
EndProject
Global
	GlobalSection(SolutionConfigurationPlatforms) = preSolution
		Debug|Default = Debug|Default
		Release|Default = Release|Default
	EndGlobalSection
	GlobalSection(ProjectConfigurationPlatforms) = postSolution
		{F98D2B21-E6D0-4862-A393-805BC0334574}.Debug|Default.ActiveCfg = Debug
		{F98D2B21-E6D0-4862-A393-805BC0334574}.Debug|Default.Build.0 = Debug
		{F98D2B21-E6D0-4862-A393-805BC0334574}.Release|Default.ActiveCfg = Release
		{F98D2B21-E6D0-4862-A393-805BC0334574}.Release|Default.Build.0 = Release
	EndGlobalSection
	GlobalSection(SolutionProperties) = preSolution
		HideSolutionNode = FALSE
	EndGlobalSection
	GlobalSection(ExtensibilityGlobals) = postSolution
		SolutionGuid = {7D4E778B-1AE3-433C-96E6-483891C05833}
	EndGlobalSection
EndGlobal
